
Microsoft Visual Studio Solution File, Format Version 12.00
# Visual Studio 15
VisualStudioVersion = 15.0.28307.1525
MinimumVisualStudioVersion = 10.0.40219.1
Project("{FAE04EC0-301F-11D3-BF4B-00C04F79EFBC}") = "Kitaplık", "Kitaplık\Kitaplık.csproj", "{5192285F-8CCE-4404-B13B-BD5B53D34FED}"
EndProject
Global
	GlobalSection(SolutionConfigurationPlatforms) = preSolution
		Debug|Any CPU = Debug|Any CPU
		Release|Any CPU = Release|Any CPU
	EndGlobalSection
	GlobalSection(ProjectConfigurationPlatforms) = postSolution
		{5192285F-8CCE-4404-B13B-BD5B53D34FED}.Debug|Any CPU.ActiveCfg = Debug|Any CPU
		{5192285F-8CCE-4404-B13B-BD5B53D34FED}.Debug|Any CPU.Build.0 = Debug|Any CPU
		{5192285F-8CCE-4404-B13B-BD5B53D34FED}.Release|Any CPU.ActiveCfg = Release|Any CPU
		{5192285F-8CCE-4404-B13B-BD5B53D34FED}.Release|Any CPU.Build.0 = Release|Any CPU
	EndGlobalSection
	GlobalSection(SolutionProperties) = preSolution
		HideSolutionNode = FALSE
	EndGlobalSection
	GlobalSection(ExtensibilityGlobals) = postSolution
		SolutionGuid = {161D136A-59B0-4738-B756-FCFB1EE07B35}
	EndGlobalSection
EndGlobal
